{
  "name": "lab-4",
  "version": "1.0.0",
  "lockfileVersion": 1,
  "requires": true,
  "dependencies": {
    "pts": {
      "version": "0.10.6",
      "resolved": "https://registry.npmjs.org/pts/-/pts-0.10.6.tgz",
      "integrity": "sha512-kuQ5rmmDOo0I9LD6DxjfSVRuCUhJIrmUkoSltu057qd+yPc32CGscr6qYjuRzr69Ei+H7NDZFLBpkX4qD/rIMg=="
    }
  }
}
